
Microsoft Visual Studio Solution File, Format Version 12.00
# Visual Studio Version 16
VisualStudioVersion = 16.0.31112.23
MinimumVisualStudioVersion = 10.0.40219.1
Project("{FAE04EC0-301F-11D3-BF4B-00C04F79EFBC}") = "WebApplication1", "WebApplication1\WebApplication1.csproj", "{5B7FDA4B-EA68-4C34-8697-BDC59AF94206}"
EndProject
Global
	GlobalSection(SolutionConfigurationPlatforms) = preSolution
		Debug|Any CPU = Debug|Any CPU
		Release|Any CPU = Release|Any CPU
	EndGlobalSection
	GlobalSection(ProjectConfigurationPlatforms) = postSolution
		{5B7FDA4B-EA68-4C34-8697-BDC59AF94206}.Debug|Any CPU.ActiveCfg = Debug|Any CPU
		{5B7FDA4B-EA68-4C34-8697-BDC59AF94206}.Debug|Any CPU.Build.0 = Debug|Any CPU
		{5B7FDA4B-EA68-4C34-8697-BDC59AF94206}.Release|Any CPU.ActiveCfg = Release|Any CPU
		{5B7FDA4B-EA68-4C34-8697-BDC59AF94206}.Release|Any CPU.Build.0 = Release|Any CPU
	EndGlobalSection
	GlobalSection(SolutionProperties) = preSolution
		HideSolutionNode = FALSE
	EndGlobalSection
	GlobalSection(ExtensibilityGlobals) = postSolution
		SolutionGuid = {CD070D05-3BAB-4A89-B97B-E6AB24B2CF73}
	EndGlobalSection
EndGlobal
